
Microsoft Visual Studio Solution File, Format Version 12.00
# Visual Studio 2013
VisualStudioVersion = 12.0.30110.0
MinimumVisualStudioVersion = 10.0.40219.1
Project("{FAE04EC0-301F-11D3-BF4B-00C04F79EFBC}") = "SkypeListener", "SkypeListener\SkypeListener.csproj", "{C5DAA9D5-B251-4250-8D9A-1625B208E916}"
EndProject
Project("{FAE04EC0-301F-11D3-BF4B-00C04F79EFBC}") = "DI", "DI\DI.csproj", "{D6EC0062-AD51-44C4-A5CE-158CF70502A0}"
EndProject
Project("{2150E333-8FDC-42A3-9474-1A3956D46DE8}") = "Core", "Core", "{E909653F-DAA8-48BF-B38C-5C62C1A5F5AC}"
EndProject
Project("{2150E333-8FDC-42A3-9474-1A3956D46DE8}") = "Commands Interpreters", "Commands Interpreters", "{4002B267-6E1E-4048-9673-39D06A255283}"
EndProject
Project("{FAE04EC0-301F-11D3-BF4B-00C04F79EFBC}") = "Contract", "Contract\Contract.csproj", "{86122CD1-BE89-47BC-BA3F-6781047BF076}"
EndProject
Project("{FAE04EC0-301F-11D3-BF4B-00C04F79EFBC}") = "Service", "Service\Service.csproj", "{717EB256-7012-4CD7-92F0-A6D25137A8E7}"
EndProject
Project("{2150E333-8FDC-42A3-9474-1A3956D46DE8}") = "Minfin", "Minfin", "{B48159BB-536B-4A9F-A4FB-B25CF65ECE3D}"
EndProject
Project("{2150E333-8FDC-42A3-9474-1A3956D46DE8}") = "ObmenkaKharkov", "ObmenkaKharkov", "{E6B34673-3C2E-435E-AC1F-551176A8144B}"
EndProject
Project("{FAE04EC0-301F-11D3-BF4B-00C04F79EFBC}") = "Minfin.mb", "CommandInterpreters\Minfin.mb\Minfin.mb.csproj", "{A575DA93-DCDD-4E9F-B023-6718F92824F0}"
EndProject
Project("{FAE04EC0-301F-11D3-BF4B-00C04F79EFBC}") = "Obmenka.kh", "CommandInterpreters\Obmenka.kh\Obmenka.kh.csproj", "{266CF972-5320-43E7-8868-2248F02663E7}"
EndProject
Project("{2150E333-8FDC-42A3-9474-1A3956D46DE8}") = "Pumb", "Pumb", "{9A204E44-8809-4287-ADDA-ACE6D3B14508}"
EndProject
Project("{FAE04EC0-301F-11D3-BF4B-00C04F79EFBC}") = "pumb", "CommandInterpreters\pumb\pumb.csproj", "{EC4EDA23-1476-42BB-A4FE-9750DF1E410C}"
EndProject
Global
	GlobalSection(SolutionConfigurationPlatforms) = preSolution
		Debug|Any CPU = Debug|Any CPU
		Release|Any CPU = Release|Any CPU
	EndGlobalSection
	GlobalSection(ProjectConfigurationPlatforms) = postSolution
		{C5DAA9D5-B251-4250-8D9A-1625B208E916}.Debug|Any CPU.ActiveCfg = Debug|Any CPU
		{C5DAA9D5-B251-4250-8D9A-1625B208E916}.Debug|Any CPU.Build.0 = Debug|Any CPU
		{C5DAA9D5-B251-4250-8D9A-1625B208E916}.Release|Any CPU.ActiveCfg = Release|Any CPU
		{C5DAA9D5-B251-4250-8D9A-1625B208E916}.Release|Any CPU.Build.0 = Release|Any CPU
		{D6EC0062-AD51-44C4-A5CE-158CF70502A0}.Debug|Any CPU.ActiveCfg = Debug|Any CPU
		{D6EC0062-AD51-44C4-A5CE-158CF70502A0}.Debug|Any CPU.Build.0 = Debug|Any CPU
		{D6EC0062-AD51-44C4-A5CE-158CF70502A0}.Release|Any CPU.ActiveCfg = Release|Any CPU
		{D6EC0062-AD51-44C4-A5CE-158CF70502A0}.Release|Any CPU.Build.0 = Release|Any CPU
		{86122CD1-BE89-47BC-BA3F-6781047BF076}.Debug|Any CPU.ActiveCfg = Debug|Any CPU
		{86122CD1-BE89-47BC-BA3F-6781047BF076}.Debug|Any CPU.Build.0 = Debug|Any CPU
		{86122CD1-BE89-47BC-BA3F-6781047BF076}.Release|Any CPU.ActiveCfg = Release|Any CPU
		{86122CD1-BE89-47BC-BA3F-6781047BF076}.Release|Any CPU.Build.0 = Release|Any CPU
		{717EB256-7012-4CD7-92F0-A6D25137A8E7}.Debug|Any CPU.ActiveCfg = Debug|Any CPU
		{717EB256-7012-4CD7-92F0-A6D25137A8E7}.Debug|Any CPU.Build.0 = Debug|Any CPU
		{717EB256-7012-4CD7-92F0-A6D25137A8E7}.Release|Any CPU.ActiveCfg = Release|Any CPU
		{717EB256-7012-4CD7-92F0-A6D25137A8E7}.Release|Any CPU.Build.0 = Release|Any CPU
		{A575DA93-DCDD-4E9F-B023-6718F92824F0}.Debug|Any CPU.ActiveCfg = Debug|Any CPU
		{A575DA93-DCDD-4E9F-B023-6718F92824F0}.Debug|Any CPU.Build.0 = Debug|Any CPU
		{A575DA93-DCDD-4E9F-B023-6718F92824F0}.Release|Any CPU.ActiveCfg = Release|Any CPU
		{A575DA93-DCDD-4E9F-B023-6718F92824F0}.Release|Any CPU.Build.0 = Release|Any CPU
		{266CF972-5320-43E7-8868-2248F02663E7}.Debug|Any CPU.ActiveCfg = Debug|Any CPU
		{266CF972-5320-43E7-8868-2248F02663E7}.Debug|Any CPU.Build.0 = Debug|Any CPU
		{266CF972-5320-43E7-8868-2248F02663E7}.Release|Any CPU.ActiveCfg = Release|Any CPU
		{266CF972-5320-43E7-8868-2248F02663E7}.Release|Any CPU.Build.0 = Release|Any CPU
		{EC4EDA23-1476-42BB-A4FE-9750DF1E410C}.Debug|Any CPU.ActiveCfg = Debug|Any CPU
		{EC4EDA23-1476-42BB-A4FE-9750DF1E410C}.Debug|Any CPU.Build.0 = Debug|Any CPU
		{EC4EDA23-1476-42BB-A4FE-9750DF1E410C}.Release|Any CPU.ActiveCfg = Release|Any CPU
		{EC4EDA23-1476-42BB-A4FE-9750DF1E410C}.Release|Any CPU.Build.0 = Release|Any CPU
	EndGlobalSection
	GlobalSection(SolutionProperties) = preSolution
		HideSolutionNode = FALSE
	EndGlobalSection
	GlobalSection(NestedProjects) = preSolution
		{D6EC0062-AD51-44C4-A5CE-158CF70502A0} = {E909653F-DAA8-48BF-B38C-5C62C1A5F5AC}
		{86122CD1-BE89-47BC-BA3F-6781047BF076} = {E909653F-DAA8-48BF-B38C-5C62C1A5F5AC}
		{717EB256-7012-4CD7-92F0-A6D25137A8E7} = {E909653F-DAA8-48BF-B38C-5C62C1A5F5AC}
		{B48159BB-536B-4A9F-A4FB-B25CF65ECE3D} = {4002B267-6E1E-4048-9673-39D06A255283}
		{E6B34673-3C2E-435E-AC1F-551176A8144B} = {4002B267-6E1E-4048-9673-39D06A255283}
		{9A204E44-8809-4287-ADDA-ACE6D3B14508} = {4002B267-6E1E-4048-9673-39D06A255283}
		{A575DA93-DCDD-4E9F-B023-6718F92824F0} = {B48159BB-536B-4A9F-A4FB-B25CF65ECE3D}
		{266CF972-5320-43E7-8868-2248F02663E7} = {E6B34673-3C2E-435E-AC1F-551176A8144B}
		{EC4EDA23-1476-42BB-A4FE-9750DF1E410C} = {9A204E44-8809-4287-ADDA-ACE6D3B14508}
	EndGlobalSection
EndGlobal
